
Microsoft Visual Studio Solution File, Format Version 12.00
# Visual Studio Version 16
VisualStudioVersion = 16.0.32126.315
MinimumVisualStudioVersion = 10.0.40219.1
Project("{FAE04EC0-301F-11D3-BF4B-00C04F79EFBC}") = "WebScraper_CDisney", "WebScraper_CDisney\WebScraper_CDisney.csproj", "{186BFF41-84AF-4ED7-B149-84AADBA6C7FF}"
EndProject
Global
	GlobalSection(SolutionConfigurationPlatforms) = preSolution
		Debug|Any CPU = Debug|Any CPU
		Release|Any CPU = Release|Any CPU
	EndGlobalSection
	GlobalSection(ProjectConfigurationPlatforms) = postSolution
		{186BFF41-84AF-4ED7-B149-84AADBA6C7FF}.Debug|Any CPU.ActiveCfg = Debug|Any CPU
		{186BFF41-84AF-4ED7-B149-84AADBA6C7FF}.Debug|Any CPU.Build.0 = Debug|Any CPU
		{186BFF41-84AF-4ED7-B149-84AADBA6C7FF}.Release|Any CPU.ActiveCfg = Release|Any CPU
		{186BFF41-84AF-4ED7-B149-84AADBA6C7FF}.Release|Any CPU.Build.0 = Release|Any CPU
	EndGlobalSection
	GlobalSection(SolutionProperties) = preSolution
		HideSolutionNode = FALSE
	EndGlobalSection
	GlobalSection(ExtensibilityGlobals) = postSolution
		SolutionGuid = {9A80C3CF-73F2-45D6-BF80-748FC7D8C2C3}
	EndGlobalSection
EndGlobal
